# This file is autogenerated, do not edit; changes may be undone by the next 'dep ensure'.


[[projects]]
  name = "github.com/BTBurke/twiml"
  packages = ["."]
  revision = "add3434d53142d03c80de19454f65f44a0ff04ef"
  version = "v1.0.0"

[[projects]]
  name = "github.com/Noah-Huppert/golog"
  packages = ["."]
  revision = "0531f7300f66e7f739ea59a9d8af4754bf11a452"
  version = "1.1.0"

[[projects]]
  name = "github.com/gorilla/context"
  packages = ["."]
  revision = "08b5f424b9271eedf6f9f0ce86cb9396ed337a42"
  version = "v1.1.1"

[[projects]]
  name = "github.com/gorilla/mux"
  packages = ["."]
  revision = "e3702bed27f0d39777b0b37b664b6280e8ef8fbf"
  version = "v1.6.2"

[[projects]]
  name = "github.com/gorilla/schema"
  packages = ["."]
  revision = "d0e4c24cff97ae983e9847e0ed5a02dc10013d41"
  version = "v1.0.2"

[solve-meta]
  analyzer-name = "dep"
  analyzer-version = 1
  inputs-digest = "7db44c2b58ce1db043e186323439ac5e056d6c21cf9bbc83f79fe4812bee1f5e"
  solver-name = "gps-cdcl"
  solver-version = 1
